
Microsoft Visual Studio Solution File, Format Version 11.00
# Visual Studio 2010
Project("{8BC9CEB8-8B4A-11D0-8D11-00A0C91BC942}") = "TCP_UDP_EchoServer", "TCP_UDP_EchoServer.vcxproj", "{61BB0C2E-EB83-4BFC-8CB9-696DBF101C86}"
EndProject
Global
	GlobalSection(SolutionConfigurationPlatforms) = preSolution
		Debug|Win32 = Debug|Win32
		Release|Win32 = Release|Win32
	EndGlobalSection
	GlobalSection(ProjectConfigurationPlatforms) = postSolution
		{61BB0C2E-EB83-4BFC-8CB9-696DBF101C86}.Debug|Win32.ActiveCfg = Debug|Win32
		{61BB0C2E-EB83-4BFC-8CB9-696DBF101C86}.Debug|Win32.Build.0 = Debug|Win32
		{61BB0C2E-EB83-4BFC-8CB9-696DBF101C86}.Release|Win32.ActiveCfg = Release|Win32
		{61BB0C2E-EB83-4BFC-8CB9-696DBF101C86}.Release|Win32.Build.0 = Release|Win32
	EndGlobalSection
	GlobalSection(SolutionProperties) = preSolution
		HideSolutionNode = FALSE
	EndGlobalSection
EndGlobal
